// !$*UTF8*$!
{
	archiveVersion = 1;
	classes = {
	};
	objectVersion = 46;
	objects = {

/* Begin PBXBuildFile section */
		209E7B8A6791AF202951FBC1 /* Pods_vismoneyTests.framework in Frameworks */ = {isa = PBXBuildFile; fileRef = E8EB8F128668E59D2EED7D82 /* Pods_vismoneyTests.framework */; };
		53B893149B967805AD6E5C38 /* Pods_vismoneyUITests.framework in Frameworks */ = {isa = PBXBuildFile; fileRef = 37AF22E99A8E5DEDD9678846 /* Pods_vismoneyUITests.framework */; };
		A7C6AE4D82AF649B6E5F8B53 /* Pods_vismoney.framework in Frameworks */ = {isa = PBXBuildFile; fileRef = 72898D8E16C1DCDB15F899FB /* Pods_vismoney.framework */; };
		D20DBCED1D97CA23002F6366 /* Third.swift in Sources */ = {isa = PBXBuildFile; fileRef = D20DBCEC1D97CA23002F6366 /* Third.swift */; };
		D20DBCEF1D97CA8F002F6366 /* CustomTab.swift in Sources */ = {isa = PBXBuildFile; fileRef = D20DBCEE1D97CA8F002F6366 /* CustomTab.swift */; };
		D258336F1D9772090085CC68 /* NSEClient.swift in Sources */ = {isa = PBXBuildFile; fileRef = D25833621D9772090085CC68 /* NSEClient.swift */; };
		D25833701D9772090085CC68 /* Account.swift in Sources */ = {isa = PBXBuildFile; fileRef = D25833631D9772090085CC68 /* Account.swift */; };
		D25833711D9772090085CC68 /* ATM.swift in Sources */ = {isa = PBXBuildFile; fileRef = D25833641D9772090085CC68 /* ATM.swift */; };
		D25833721D9772090085CC68 /* Address.swift in Sources */ = {isa = PBXBuildFile; fileRef = D25833651D9772090085CC68 /* Address.swift */; };
		D25833731D9772090085CC68 /* Bill.swift in Sources */ = {isa = PBXBuildFile; fileRef = D25833661D9772090085CC68 /* Bill.swift */; };
		D25833741D9772090085CC68 /* Branch.swift in Sources */ = {isa = PBXBuildFile; fileRef = D25833671D9772090085CC68 /* Branch.swift */; };
		D25833751D9772090085CC68 /* Customer.swift in Sources */ = {isa = PBXBuildFile; fileRef = D25833681D9772090085CC68 /* Customer.swift */; };
		D25833761D9772090085CC68 /* Deposit.swift in Sources */ = {isa = PBXBuildFile; fileRef = D25833691D9772090085CC68 /* Deposit.swift */; };
		D25833771D9772090085CC68 /* Purchase.swift in Sources */ = {isa = PBXBuildFile; fileRef = D258336A1D9772090085CC68 /* Purchase.swift */; };
		D25833781D9772090085CC68 /* Transfer.swift in Sources */ = {isa = PBXBuildFile; fileRef = D258336B1D9772090085CC68 /* Transfer.swift */; };
		D25833791D9772090085CC68 /* Withdrawal.swift in Sources */ = {isa = PBXBuildFile; fileRef = D258336C1D9772090085CC68 /* Withdrawal.swift */; };
		D258337A1D9772090085CC68 /* Merchant.swift in Sources */ = {isa = PBXBuildFile; fileRef = D258336D1D9772090085CC68 /* Merchant.swift */; };
		D258337B1D9772090085CC68 /* EnterpriseRequests.swift in Sources */ = {isa = PBXBuildFile; fileRef = D258336E1D9772090085CC68 /* EnterpriseRequests.swift */; };
		D27175031D9733D0007C4315 /* AppDelegate.swift in Sources */ = {isa = PBXBuildFile; fileRef = D27175021D9733D0007C4315 /* AppDelegate.swift */; };
		D27175051D9733D0007C4315 /* FirstViewController.swift in Sources */ = {isa = PBXBuildFile; fileRef = D27175041D9733D0007C4315 /* FirstViewController.swift */; };
		D27175071D9733D0007C4315 /* SecondViewController.swift in Sources */ = {isa = PBXBuildFile; fileRef = D27175061D9733D0007C4315 /* SecondViewController.swift */; };
		D271750A1D9733D0007C4315 /* Main.storyboard in Resources */ = {isa = PBXBuildFile; fileRef = D27175081D9733D0007C4315 /* Main.storyboard */; };
		D271750C1D9733D0007C4315 /* Assets.xcassets in Resources */ = {isa = PBXBuildFile; fileRef = D271750B1D9733D0007C4315 /* Assets.xcassets */; };
		D271751A1D9733D0007C4315 /* vismoneyTests.swift in Sources */ = {isa = PBXBuildFile; fileRef = D27175191D9733D0007C4315 /* vismoneyTests.swift */; };
		D27175251D9733D0007C4315 /* vismoneyUITests.swift in Sources */ = {isa = PBXBuildFile; fileRef = D27175241D9733D0007C4315 /* vismoneyUITests.swift */; };
		D298834C1D97DC4200D47E9A /* Money.swift in Sources */ = {isa = PBXBuildFile; fileRef = D298834B1D97DC4200D47E9A /* Money.swift */; };
		D29C853C1D977A8000EA29D3 /* RestApiManager.swift in Sources */ = {isa = PBXBuildFile; fileRef = D29C853B1D977A8000EA29D3 /* RestApiManager.swift */; };
		D2D4D6EF1D975739003D9F3D /* banksTableViewCell.swift in Sources */ = {isa = PBXBuildFile; fileRef = D2D4D6EE1D975739003D9F3D /* banksTableViewCell.swift */; };
		D2D4D6F11D975E8A003D9F3D /* BankLoginViewController.swift in Sources */ = {isa = PBXBuildFile; fileRef = D2D4D6F01D975E8A003D9F3D /* BankLoginViewController.swift */; };
		D2F663CC1D97387000EB7CC7 /* LogInViewController.swift in Sources */ = {isa = PBXBuildFile; fileRef = D2F663CB1D97387000EB7CC7 /* LogInViewController.swift */; };
		D2F663CE1D97439D00EB7CC7 /* GoogleService-Info.plist in Resources */ = {isa = PBXBuildFile; fileRef = D2F663CD1D97439D00EB7CC7 /* GoogleService-Info.plist */; };
		D2F663D01D97455900EB7CC7 /* IntroViewController.swift in Sources */ = {isa = PBXBuildFile; fileRef = D2F663CF1D97455900EB7CC7 /* IntroViewController.swift */; };
		D2F663D41D974A7800EB7CC7 /* ChooseBankViewController.swift in Sources */ = {isa = PBXBuildFile; fileRef = D2F663D31D974A7800EB7CC7 /* ChooseBankViewController.swift */; };
		D2F663D61D974AB900EB7CC7 /* SetBudgetViewController.swift in Sources */ = {isa = PBXBuildFile; fileRef = D2F663D51D974AB900EB7CC7 /* SetBudgetViewController.swift */; };
/* End PBXBuildFile section */

/* Begin PBXContainerItemProxy section */
		D27175161D9733D0007C4315 /* PBXContainerItemProxy */ = {
			isa = PBXContainerItemProxy;
			containerPortal = D27174F71D9733D0007C4315 /* Project object */;
			proxyType = 1;
			remoteGlobalIDString = D27174FE1D9733D0007C4315;
			remoteInfo = vismoney;
		};
		D27175211D9733D0007C4315 /* PBXContainerItemProxy */ = {
			isa = PBXContainerItemProxy;
			containerPortal = D27174F71D9733D0007C4315 /* Project object */;
			proxyType = 1;
			remoteGlobalIDString = D27174FE1D9733D0007C4315;
			remoteInfo = vismoney;
		};
/* End PBXContainerItemProxy section */

/* Begin PBXFileReference section */
		11FA91AB91F67F8F821E147C /* Pods-vismoneyTests.debug.xcconfig */ = {isa = PBXFileReference; includeInIndex = 1; lastKnownFileType = text.xcconfig; name = "Pods-vismoneyTests.debug.xcconfig"; path = "Pods/Target Support Files/Pods-vismoneyTests/Pods-vismoneyTests.debug.xcconfig"; sourceTree = "<group>"; };
		37AF22E99A8E5DEDD9678846 /* Pods_vismoneyUITests.framework */ = {isa = PBXFileReference; explicitFileType = wrapper.framework; includeInIndex = 0; path = Pods_vismoneyUITests.framework; sourceTree = BUILT_PRODUCTS_DIR; };
		48A45192E4DA2EE60232D83A /* Pods-vismoneyUITests.release.xcconfig */ = {isa = PBXFileReference; includeInIndex = 1; lastKnownFileType = text.xcconfig; name = "Pods-vismoneyUITests.release.xcconfig"; path = "Pods/Target Support Files/Pods-vismoneyUITests/Pods-vismoneyUITests.release.xcconfig"; sourceTree = "<group>"; };
		4A8382942A2566951BFBF6C8 /* Pods-vismoneyUITests.debug.xcconfig */ = {isa = PBXFileReference; includeInIndex = 1; lastKnownFileType = text.xcconfig; name = "Pods-vismoneyUITests.debug.xcconfig"; path = "Pods/Target Support Files/Pods-vismoneyUITests/Pods-vismoneyUITests.debug.xcconfig"; sourceTree = "<group>"; };
		72898D8E16C1DCDB15F899FB /* Pods_vismoney.framework */ = {isa = PBXFileReference; explicitFileType = wrapper.framework; includeInIndex = 0; path = Pods_vismoney.framework; sourceTree = BUILT_PRODUCTS_DIR; };
		7A7F2F0873ACAA013FD2D318 /* Pods-vismoneyTests.release.xcconfig */ = {isa = PBXFileReference; includeInIndex = 1; lastKnownFileType = text.xcconfig; name = "Pods-vismoneyTests.release.xcconfig"; path = "Pods/Target Support Files/Pods-vismoneyTests/Pods-vismoneyTests.release.xcconfig"; sourceTree = "<group>"; };
		8EC55EB4BAD81B1489C40E34 /* Pods-vismoney.debug.xcconfig */ = {isa = PBXFileReference; includeInIndex = 1; lastKnownFileType = text.xcconfig; name = "Pods-vismoney.debug.xcconfig"; path = "Pods/Target Support Files/Pods-vismoney/Pods-vismoney.debug.xcconfig"; sourceTree = "<group>"; };
		C2E102349F5A47676217626F /* Pods-vismoney.release.xcconfig */ = {isa = PBXFileReference; includeInIndex = 1; lastKnownFileType = text.xcconfig; name = "Pods-vismoney.release.xcconfig"; path = "Pods/Target Support Files/Pods-vismoney/Pods-vismoney.release.xcconfig"; sourceTree = "<group>"; };
		D20DBCEC1D97CA23002F6366 /* Third.swift */ = {isa = PBXFileReference; fileEncoding = 4; lastKnownFileType = sourcecode.swift; path = Third.swift; sourceTree = "<group>"; };
		D20DBCEE1D97CA8F002F6366 /* CustomTab.swift */ = {isa = PBXFileReference; fileEncoding = 4; lastKnownFileType = sourcecode.swift; path = CustomTab.swift; sourceTree = "<group>"; };
		D25833611D9771FF0085CC68 /* Nessie-iOS-Wrapper.h */ = {isa = PBXFileReference; lastKnownFileType = sourcecode.c.h; path = "Nessie-iOS-Wrapper.h"; sourceTree = "<group>"; };
		D25833621D9772090085CC68 /* NSEClient.swift */ = {isa = PBXFileReference; fileEncoding = 4; lastKnownFileType = sourcecode.swift; path = NSEClient.swift; sourceTree = "<group>"; };
		D25833631D9772090085CC68 /* Account.swift */ = {isa = PBXFileReference; fileEncoding = 4; lastKnownFileType = sourcecode.swift; path = Account.swift; sourceTree = "<group>"; };
		D25833641D9772090085CC68 /* ATM.swift */ = {isa = PBXFileReference; fileEncoding = 4; lastKnownFileType = sourcecode.swift; path = ATM.swift; sourceTree = "<group>"; };
		D25833651D9772090085CC68 /* Address.swift */ = {isa = PBXFileReference; fileEncoding = 4; lastKnownFileType = sourcecode.swift; path = Address.swift; sourceTree = "<group>"; };
		D25833661D9772090085CC68 /* Bill.swift */ = {isa = PBXFileReference; fileEncoding = 4; lastKnownFileType = sourcecode.swift; path = Bill.swift; sourceTree = "<group>"; };
		D25833671D9772090085CC68 /* Branch.swift */ = {isa = PBXFileReference; fileEncoding = 4; lastKnownFileType = sourcecode.swift; path = Branch.swift; sourceTree = "<group>"; };
		D25833681D9772090085CC68 /* Customer.swift */ = {isa = PBXFileReference; fileEncoding = 4; lastKnownFileType = sourcecode.swift; path = Customer.swift; sourceTree = "<group>"; };
		D25833691D9772090085CC68 /* Deposit.swift */ = {isa = PBXFileReference; fileEncoding = 4; lastKnownFileType = sourcecode.swift; path = Deposit.swift; sourceTree = "<group>"; };
		D258336A1D9772090085CC68 /* Purchase.swift */ = {isa = PBXFileReference; fileEncoding = 4; lastKnownFileType = sourcecode.swift; path = Purchase.swift; sourceTree = "<group>"; };
		D258336B1D9772090085CC68 /* Transfer.swift */ = {isa = PBXFileReference; fileEncoding = 4; lastKnownFileType = sourcecode.swift; path = Transfer.swift; sourceTree = "<group>"; };
		D258336C1D9772090085CC68 /* Withdrawal.swift */ = {isa = PBXFileReference; fileEncoding = 4; lastKnownFileType = sourcecode.swift; path = Withdrawal.swift; sourceTree = "<group>"; };
		D258336D1D9772090085CC68 /* Merchant.swift */ = {isa = PBXFileReference; fileEncoding = 4; lastKnownFileType = sourcecode.swift; path = Merchant.swift; sourceTree = "<group>"; };
		D258336E1D9772090085CC68 /* EnterpriseRequests.swift */ = {isa = PBXFileReference; fileEncoding = 4; lastKnownFileType = sourcecode.swift; path = EnterpriseRequests.swift; sourceTree = "<group>"; };
		D27174FF1D9733D0007C4315 /* vismoney.app */ = {isa = PBXFileReference; explicitFileType = wrapper.application; includeInIndex = 0; path = vismoney.app; sourceTree = BUILT_PRODUCTS_DIR; };
		D27175021D9733D0007C4315 /* AppDelegate.swift */ = {isa = PBXFileReference; lastKnownFileType = sourcecode.swift; path = AppDelegate.swift; sourceTree = "<group>"; };
		D27175041D9733D0007C4315 /* FirstViewController.swift */ = {isa = PBXFileReference; lastKnownFileType = sourcecode.swift; path = FirstViewController.swift; sourceTree = "<group>"; };
		D27175061D9733D0007C4315 /* SecondViewController.swift */ = {isa = PBXFileReference; lastKnownFileType = sourcecode.swift; path = SecondViewController.swift; sourceTree = "<group>"; };
		D27175091D9733D0007C4315 /* Base */ = {isa = PBXFileReference; lastKnownFileType = file.storyboard; name = Base; path = Base.lproj/Main.storyboard; sourceTree = "<group>"; };
		D271750B1D9733D0007C4315 /* Assets.xcassets */ = {isa = PBXFileReference; lastKnownFileType = folder.assetcatalog; path = Assets.xcassets; sourceTree = "<group>"; };
		D27175101D9733D0007C4315 /* Info.plist */ = {isa = PBXFileReference; lastKnownFileType = text.plist.xml; path = Info.plist; sourceTree = "<group>"; };
		D27175151D9733D0007C4315 /* vismoneyTests.xctest */ = {isa = PBXFileReference; explicitFileType = wrapper.cfbundle; includeInIndex = 0; path = vismoneyTests.xctest; sourceTree = BUILT_PRODUCTS_DIR; };
		D27175191D9733D0007C4315 /* vismoneyTests.swift */ = {isa = PBXFileReference; lastKnownFileType = sourcecode.swift; path = vismoneyTests.swift; sourceTree = "<group>"; };
		D271751B1D9733D0007C4315 /* Info.plist */ = {isa = PBXFileReference; lastKnownFileType = text.plist.xml; path = Info.plist; sourceTree = "<group>"; };
		D27175201D9733D0007C4315 /* vismoneyUITests.xctest */ = {isa = PBXFileReference; explicitFileType = wrapper.cfbundle; includeInIndex = 0; path = vismoneyUITests.xctest; sourceTree = BUILT_PRODUCTS_DIR; };
		D27175241D9733D0007C4315 /* vismoneyUITests.swift */ = {isa = PBXFileReference; lastKnownFileType = sourcecode.swift; path = vismoneyUITests.swift; sourceTree = "<group>"; };
		D27175261D9733D0007C4315 /* Info.plist */ = {isa = PBXFileReference; lastKnownFileType = text.plist.xml; path = Info.plist; sourceTree = "<group>"; };
		D298834B1D97DC4200D47E9A /* Money.swift */ = {isa = PBXFileReference; fileEncoding = 4; lastKnownFileType = sourcecode.swift; path = Money.swift; sourceTree = "<group>"; };
		D29C853B1D977A8000EA29D3 /* RestApiManager.swift */ = {isa = PBXFileReference; fileEncoding = 4; lastKnownFileType = sourcecode.swift; path = RestApiManager.swift; sourceTree = "<group>"; };
		D2D4D6EE1D975739003D9F3D /* banksTableViewCell.swift */ = {isa = PBXFileReference; fileEncoding = 4; lastKnownFileType = sourcecode.swift; path = banksTableViewCell.swift; sourceTree = "<group>"; };
		D2D4D6F01D975E8A003D9F3D /* BankLoginViewController.swift */ = {isa = PBXFileReference; fileEncoding = 4; lastKnownFileType = sourcecode.swift; path = BankLoginViewController.swift; sourceTree = "<group>"; };
		D2F663CB1D97387000EB7CC7 /* LogInViewController.swift */ = {isa = PBXFileReference; fileEncoding = 4; lastKnownFileType = sourcecode.swift; path = LogInViewController.swift; sourceTree = "<group>"; };
		D2F663CD1D97439D00EB7CC7 /* GoogleService-Info.plist */ = {isa = PBXFileReference; fileEncoding = 4; lastKnownFileType = text.plist.xml; path = "GoogleService-Info.plist"; sourceTree = "<group>"; };
		D2F663CF1D97455900EB7CC7 /* IntroViewController.swift */ = {isa = PBXFileReference; fileEncoding = 4; lastKnownFileType = sourcecode.swift; path = IntroViewController.swift; sourceTree = "<group>"; };
		D2F663D31D974A7800EB7CC7 /* ChooseBankViewController.swift */ = {isa = PBXFileReference; fileEncoding = 4; lastKnownFileType = sourcecode.swift; path = ChooseBankViewController.swift; sourceTree = "<group>"; };
		D2F663D51D974AB900EB7CC7 /* SetBudgetViewController.swift */ = {isa = PBXFileReference; fileEncoding = 4; lastKnownFileType = sourcecode.swift; path = SetBudgetViewController.swift; sourceTree = "<group>"; };
		E8EB8F128668E59D2EED7D82 /* Pods_vismoneyTests.framework */ = {isa = PBXFileReference; explicitFileType = wrapper.framework; includeInIndex = 0; path = Pods_vismoneyTests.framework; sourceTree = BUILT_PRODUCTS_DIR; };
/* End PBXFileReference section */

/* Begin PBXFrameworksBuildPhase section */
		D27174FC1D9733D0007C4315 /* Frameworks */ = {
			isa = PBXFrameworksBuildPhase;
			buildActionMask = 2147483647;
			files = (
				A7C6AE4D82AF649B6E5F8B53 /* Pods_vismoney.framework in Frameworks */,
			);
			runOnlyForDeploymentPostprocessing = 0;
		};
		D27175121D9733D0007C4315 /* Frameworks */ = {
			isa = PBXFrameworksBuildPhase;
			buildActionMask = 2147483647;
			files = (
				209E7B8A6791AF202951FBC1 /* Pods_vismoneyTests.framework in Frameworks */,
			);
			runOnlyForDeploymentPostprocessing = 0;
		};
		D271751D1D9733D0007C4315 /* Frameworks */ = {
			isa = PBXFrameworksBuildPhase;
			buildActionMask = 2147483647;
			files = (
				53B893149B967805AD6E5C38 /* Pods_vismoneyUITests.framework in Frameworks */,
			);
			runOnlyForDeploymentPostprocessing = 0;
		};
/* End PBXFrameworksBuildPhase section */

/* Begin PBXGroup section */
		01792C41116AE67370CB5040 /* Pods */ = {
			isa = PBXGroup;
			children = (
				8EC55EB4BAD81B1489C40E34 /* Pods-vismoney.debug.xcconfig */,
				C2E102349F5A47676217626F /* Pods-vismoney.release.xcconfig */,
				11FA91AB91F67F8F821E147C /* Pods-vismoneyTests.debug.xcconfig */,
				7A7F2F0873ACAA013FD2D318 /* Pods-vismoneyTests.release.xcconfig */,
				4A8382942A2566951BFBF6C8 /* Pods-vismoneyUITests.debug.xcconfig */,
				48A45192E4DA2EE60232D83A /* Pods-vismoneyUITests.release.xcconfig */,
			);
			name = Pods;
			sourceTree = "<group>";
		};
		B50269989FE937386ABAD11A /* Frameworks */ = {
			isa = PBXGroup;
			children = (
				72898D8E16C1DCDB15F899FB /* Pods_vismoney.framework */,
				E8EB8F128668E59D2EED7D82 /* Pods_vismoneyTests.framework */,
				37AF22E99A8E5DEDD9678846 /* Pods_vismoneyUITests.framework */,
			);
			name = Frameworks;
			sourceTree = "<group>";
		};
		D27174F61D9733D0007C4315 = {
			isa = PBXGroup;
			children = (
				D27175011D9733D0007C4315 /* vismoney */,
				D27175181D9733D0007C4315 /* vismoneyTests */,
				D27175231D9733D0007C4315 /* vismoneyUITests */,
				D27175001D9733D0007C4315 /* Products */,
				01792C41116AE67370CB5040 /* Pods */,
				B50269989FE937386ABAD11A /* Frameworks */,
			);
			sourceTree = "<group>";
		};
		D27175001D9733D0007C4315 /* Products */ = {
			isa = PBXGroup;
			children = (
				D27174FF1D9733D0007C4315 /* vismoney.app */,
				D27175151D9733D0007C4315 /* vismoneyTests.xctest */,
				D27175201D9733D0007C4315 /* vismoneyUITests.xctest */,
			);
			name = Products;
			sourceTree = "<group>";
		};
		D27175011D9733D0007C4315 /* vismoney */ = {
			isa = PBXGroup;
			children = (
				D20DBCEC1D97CA23002F6366 /* Third.swift */,
				D25833621D9772090085CC68 /* NSEClient.swift */,
				D25833631D9772090085CC68 /* Account.swift */,
				D25833641D9772090085CC68 /* ATM.swift */,
				D25833651D9772090085CC68 /* Address.swift */,
				D25833661D9772090085CC68 /* Bill.swift */,
				D25833671D9772090085CC68 /* Branch.swift */,
				D25833681D9772090085CC68 /* Customer.swift */,
				D25833691D9772090085CC68 /* Deposit.swift */,
				D258336A1D9772090085CC68 /* Purchase.swift */,
				D258336B1D9772090085CC68 /* Transfer.swift */,
				D258336C1D9772090085CC68 /* Withdrawal.swift */,
				D258336D1D9772090085CC68 /* Merchant.swift */,
				D258336E1D9772090085CC68 /* EnterpriseRequests.swift */,
				D25833611D9771FF0085CC68 /* Nessie-iOS-Wrapper.h */,
				D2F663CD1D97439D00EB7CC7 /* GoogleService-Info.plist */,
				D27175021D9733D0007C4315 /* AppDelegate.swift */,
				D27175041D9733D0007C4315 /* FirstViewController.swift */,
				D27175061D9733D0007C4315 /* SecondViewController.swift */,
				D27175081D9733D0007C4315 /* Main.storyboard */,
				D2D4D6EE1D975739003D9F3D /* banksTableViewCell.swift */,
				D2F663D51D974AB900EB7CC7 /* SetBudgetViewController.swift */,
				D2F663D31D974A7800EB7CC7 /* ChooseBankViewController.swift */,
				D2F663CF1D97455900EB7CC7 /* IntroViewController.swift */,
				D2F663CB1D97387000EB7CC7 /* LogInViewController.swift */,
				D271750B1D9733D0007C4315 /* Assets.xcassets */,
				D27175101D9733D0007C4315 /* Info.plist */,
				D2D4D6F01D975E8A003D9F3D /* BankLoginViewController.swift */,
				D29C853B1D977A8000EA29D3 /* RestApiManager.swift */,
				D20DBCEE1D97CA8F002F6366 /* CustomTab.swift */,
				D298834B1D97DC4200D47E9A /* Money.swift */,
			);
			path = vismoney;
			sourceTree = "<group>";
		};
		D27175181D9733D0007C4315 /* vismoneyTests */ = {
			isa = PBXGroup;
			children = (
				D27175191D9733D0007C4315 /* vismoneyTests.swift */,
				D271751B1D9733D0007C4315 /* Info.plist */,
			);
			path = vismoneyTests;
			sourceTree = "<group>";
		};
		D27175231D9733D0007C4315 /* vismoneyUITests */ = {
			isa = PBXGroup;
			children = (
				D27175241D9733D0007C4315 /* vismoneyUITests.swift */,
				D27175261D9733D0007C4315 /* Info.plist */,
			);
			path = vismoneyUITests;
			sourceTree = "<group>";
		};
/* End PBXGroup section */

/* Begin PBXNativeTarget section */
		D27174FE1D9733D0007C4315 /* vismoney */ = {
			isa = PBXNativeTarget;
			buildConfigurationList = D27175291D9733D0007C4315 /* Build configuration list for PBXNativeTarget "vismoney" */;
			buildPhases = (
				9ED912083894C547FC60B45D /* [CP] Check Pods Manifest.lock */,
				D27174FB1D9733D0007C4315 /* Sources */,
				D27174FC1D9733D0007C4315 /* Frameworks */,
				D27174FD1D9733D0007C4315 /* Resources */,
				9B08D79861CE590DA7D163B8 /* [CP] Embed Pods Frameworks */,
				78031123FD5144E5AC19F831 /* [CP] Copy Pods Resources */,
			);
			buildRules = (
			);
			dependencies = (
			);
			name = vismoney;
			productName = vismoney;
			productReference = D27174FF1D9733D0007C4315 /* vismoney.app */;
			productType = "com.apple.product-type.application";
		};
		D27175141D9733D0007C4315 /* vismoneyTests */ = {
			isa = PBXNativeTarget;
			buildConfigurationList = D271752C1D9733D0007C4315 /* Build configuration list for PBXNativeTarget "vismoneyTests" */;
			buildPhases = (
				70EB7233080CF2F43FAD467E /* [CP] Check Pods Manifest.lock */,
				D27175111D9733D0007C4315 /* Sources */,
				D27175121D9733D0007C4315 /* Frameworks */,
				D27175131D9733D0007C4315 /* Resources */,
				BBDF5A92CEC5529863A49A80 /* [CP] Embed Pods Frameworks */,
				A111C830210389617B185345 /* [CP] Copy Pods Resources */,
			);
			buildRules = (
			);
			dependencies = (
				D27175171D9733D0007C4315 /* PBXTargetDependency */,
			);
			name = vismoneyTests;
			productName = vismoneyTests;
			productReference = D27175151D9733D0007C4315 /* vismoneyTests.xctest */;
			productType = "com.apple.product-type.bundle.unit-test";
		};
		D271751F1D9733D0007C4315 /* vismoneyUITests */ = {
			isa = PBXNativeTarget;
			buildConfigurationList = D271752F1D9733D0007C4315 /* Build configuration list for PBXNativeTarget "vismoneyUITests" */;
			buildPhases = (
				E3244535B2AE9FC41E4E7C53 /* [CP] Check Pods Manifest.lock */,
				D271751C1D9733D0007C4315 /* Sources */,
				D271751D1D9733D0007C4315 /* Frameworks */,
				D271751E1D9733D0007C4315 /* Resources */,
				432D918ED3CDBEF6D956DC88 /* [CP] Embed Pods Frameworks */,
				FEA976B4E549BA0F40DD0F53 /* [CP] Copy Pods Resources */,
			);
			buildRules = (
			);
			dependencies = (
				D27175221D9733D0007C4315 /* PBXTargetDependency */,
			);
			name = vismoneyUITests;
			productName = vismoneyUITests;
			productReference = D27175201D9733D0007C4315 /* vismoneyUITests.xctest */;
			productType = "com.apple.product-type.bundle.ui-testing";
		};
/* End PBXNativeTarget section */

/* Begin PBXProject section */
		D27174F71D9733D0007C4315 /* Project object */ = {
			isa = PBXProject;
			attributes = {
				LastSwiftUpdateCheck = 0730;
				LastUpgradeCheck = 0730;
				ORGANIZATIONNAME = "Yeon Joon Choi";
				TargetAttributes = {
					D27174FE1D9733D0007C4315 = {
						CreatedOnToolsVersion = 7.3.1;
					};
					D27175141D9733D0007C4315 = {
						CreatedOnToolsVersion = 7.3.1;
						TestTargetID = D27174FE1D9733D0007C4315;
					};
					D271751F1D9733D0007C4315 = {
						CreatedOnToolsVersion = 7.3.1;
						TestTargetID = D27174FE1D9733D0007C4315;
					};
				};
			};
			buildConfigurationList = D27174FA1D9733D0007C4315 /* Build configuration list for PBXProject "vismoney" */;
			compatibilityVersion = "Xcode 3.2";
			developmentRegion = English;
			hasScannedForEncodings = 0;
			knownRegions = (
				en,
				Base,
			);
			mainGroup = D27174F61D9733D0007C4315;
			productRefGroup = D27175001D9733D0007C4315 /* Products */;
			projectDirPath = "";
			projectRoot = "";
			targets = (
				D27174FE1D9733D0007C4315 /* vismoney */,
				D27175141D9733D0007C4315 /* vismoneyTests */,
				D271751F1D9733D0007C4315 /* vismoneyUITests */,
			);
		};
/* End PBXProject section */

/* Begin PBXResourcesBuildPhase section */
		D27174FD1D9733D0007C4315 /* Resources */ = {
			isa = PBXResourcesBuildPhase;
			buildActionMask = 2147483647;
			files = (
				D2F663CE1D97439D00EB7CC7 /* GoogleService-Info.plist in Resources */,
				D271750C1D9733D0007C4315 /* Assets.xcassets in Resources */,
				D271750A1D9733D0007C4315 /* Main.storyboard in Resources */,
			);
			runOnlyForDeploymentPostprocessing = 0;
		};
		D27175131D9733D0007C4315 /* Resources */ = {
			isa = PBXResourcesBuildPhase;
			buildActionMask = 2147483647;
			files = (
			);
			runOnlyForDeploymentPostprocessing = 0;
		};
		D271751E1D9733D0007C4315 /* Resources */ = {
			isa = PBXResourcesBuildPhase;
			buildActionMask = 2147483647;
			files = (
			);
			runOnlyForDeploymentPostprocessing = 0;
		};
/* End PBXResourcesBuildPhase section */

/* Begin PBXShellScriptBuildPhase section */
		432D918ED3CDBEF6D956DC88 /* [CP] Embed Pods Frameworks */ = {
			isa = PBXShellScriptBuildPhase;
			buildActionMask = 2147483647;
			files = (
			);
			inputPaths = (
			);
			name = "[CP] Embed Pods Frameworks";
			outputPaths = (
			);
			runOnlyForDeploymentPostprocessing = 0;
			shellPath = /bin/sh;
			shellScript = "\"${SRCROOT}/Pods/Target Support Files/Pods-vismoneyUITests/Pods-vismoneyUITests-frameworks.sh\"\n";
			showEnvVarsInLog = 0;
		};
		70EB7233080CF2F43FAD467E /* [CP] Check Pods Manifest.lock */ = {
			isa = PBXShellScriptBuildPhase;
			buildActionMask = 2147483647;
			files = (
			);
			inputPaths = (
			);
			name = "[CP] Check Pods Manifest.lock";
			outputPaths = (
			);
			runOnlyForDeploymentPostprocessing = 0;
			shellPath = /bin/sh;
			shellScript = "diff \"${PODS_ROOT}/../Podfile.lock\" \"${PODS_ROOT}/Manifest.lock\" > /dev/null\nif [ $? != 0 ] ; then\n    # print error to STDERR\n    echo \"error: The sandbox is not in sync with the Podfile.lock. Run 'pod install' or update your CocoaPods installation.\" >&2\n    exit 1\nfi\n";
			showEnvVarsInLog = 0;
		};
		78031123FD5144E5AC19F831 /* [CP] Copy Pods Resources */ = {
			isa = PBXShellScriptBuildPhase;
			buildActionMask = 2147483647;
			files = (
			);
			inputPaths = (
			);
			name = "[CP] Copy Pods Resources";
			outputPaths = (
			);
			runOnlyForDeploymentPostprocessing = 0;
			shellPath = /bin/sh;
			shellScript = "\"${SRCROOT}/Pods/Target Support Files/Pods-vismoney/Pods-vismoney-resources.sh\"\n";
			showEnvVarsInLog = 0;
		};
		9B08D79861CE590DA7D163B8 /* [CP] Embed Pods Frameworks */ = {
			isa = PBXShellScriptBuildPhase;
			buildActionMask = 2147483647;
			files = (
			);
			inputPaths = (
			);
			name = "[CP] Embed Pods Frameworks";
			outputPaths = (
			);
			runOnlyForDeploymentPostprocessing = 0;
			shellPath = /bin/sh;
			shellScript = "\"${SRCROOT}/Pods/Target Support Files/Pods-vismoney/Pods-vismoney-frameworks.sh\"\n";
			showEnvVarsInLog = 0;
		};
		9ED912083894C547FC60B45D /* [CP] Check Pods Manifest.lock */ = {
			isa = PBXShellScriptBuildPhase;
			buildActionMask = 2147483647;
			files = (
			);
			inputPaths = (
			);
			name = "[CP] Check Pods Manifest.lock";
			outputPaths = (
			);
			runOnlyForDeploymentPostprocessing = 0;
			shellPath = /bin/sh;
			shellScript = "diff \"${PODS_ROOT}/../Podfile.lock\" \"${PODS_ROOT}/Manifest.lock\" > /dev/null\nif [ $? != 0 ] ; then\n    # print error to STDERR\n    echo \"error: The sandbox is not in sync with the Podfile.lock. Run 'pod install' or update your CocoaPods installation.\" >&2\n    exit 1\nfi\n";
			showEnvVarsInLog = 0;
		};
		A111C830210389617B185345 /* [CP] Copy Pods Resources */ = {
			isa = PBXShellScriptBuildPhase;
			buildActionMask = 2147483647;
			files = (
			);
			inputPaths = (
			);
			name = "[CP] Copy Pods Resources";
			outputPaths = (
			);
			runOnlyForDeploymentPostprocessing = 0;
			shellPath = /bin/sh;
			shellScript = "\"${SRCROOT}/Pods/Target Support Files/Pods-vismoneyTests/Pods-vismoneyTests-resources.sh\"\n";
			showEnvVarsInLog = 0;
		};
		BBDF5A92CEC5529863A49A80 /* [CP] Embed Pods Frameworks */ = {
			isa = PBXShellScriptBuildPhase;
			buildActionMask = 2147483647;
			files = (
			);
			inputPaths = (
			);
			name = "[CP] Embed Pods Frameworks";
			outputPaths = (
			);
			runOnlyForDeploymentPostprocessing = 0;
			shellPath = /bin/sh;
			shellScript = "\"${SRCROOT}/Pods/Target Support Files/Pods-vismoneyTests/Pods-vismoneyTests-frameworks.sh\"\n";
			showEnvVarsInLog = 0;
		};
		E3244535B2AE9FC41E4E7C53 /* [CP] Check Pods Manifest.lock */ = {
			isa = PBXShellScriptBuildPhase;
			buildActionMask = 2147483647;
			files = (
			);
			inputPaths = (
			);
			name = "[CP] Check Pods Manifest.lock";
			outputPaths = (
			);
			runOnlyForDeploymentPostprocessing = 0;
			shellPath = /bin/sh;
			shellScript = "diff \"${PODS_ROOT}/../Podfile.lock\" \"${PODS_ROOT}/Manifest.lock\" > /dev/null\nif [ $? != 0 ] ; then\n    # print error to STDERR\n    echo \"error: The sandbox is not in sync with the Podfile.lock. Run 'pod install' or update your CocoaPods installation.\" >&2\n    exit 1\nfi\n";
			showEnvVarsInLog = 0;
		};
		FEA976B4E549BA0F40DD0F53 /* [CP] Copy Pods Resources */ = {
			isa = PBXShellScriptBuildPhase;
			buildActionMask = 2147483647;
			files = (
			);
			inputPaths = (
			);
			name = "[CP] Copy Pods Resources";
			outputPaths = (
			);
			runOnlyForDeploymentPostprocessing = 0;
			shellPath = /bin/sh;
			shellScript = "\"${SRCROOT}/Pods/Target Support Files/Pods-vismoneyUITests/Pods-vismoneyUITests-resources.sh\"\n";
			showEnvVarsInLog = 0;
		};
/* End PBXShellScriptBuildPhase section */

/* Begin PBXSourcesBuildPhase section */
		D27174FB1D9733D0007C4315 /* Sources */ = {
			isa = PBXSourcesBuildPhase;
			buildActionMask = 2147483647;
			files = (
				D2F663D01D97455900EB7CC7 /* IntroViewController.swift in Sources */,
				D20DBCED1D97CA23002F6366 /* Third.swift in Sources */,
				D25833701D9772090085CC68 /* Account.swift in Sources */,
				D25833771D9772090085CC68 /* Purchase.swift in Sources */,
				D25833721D9772090085CC68 /* Address.swift in Sources */,
				D25833781D9772090085CC68 /* Transfer.swift in Sources */,
				D2F663D61D974AB900EB7CC7 /* SetBudgetViewController.swift in Sources */,
				D20DBCEF1D97CA8F002F6366 /* CustomTab.swift in Sources */,
				D25833761D9772090085CC68 /* Deposit.swift in Sources */,
				D25833731D9772090085CC68 /* Bill.swift in Sources */,
				D258337A1D9772090085CC68 /* Merchant.swift in Sources */,
				D2F663D41D974A7800EB7CC7 /* ChooseBankViewController.swift in Sources */,
				D2F663CC1D97387000EB7CC7 /* LogInViewController.swift in Sources */,
				D25833791D9772090085CC68 /* Withdrawal.swift in Sources */,
				D25833741D9772090085CC68 /* Branch.swift in Sources */,
				D2D4D6F11D975E8A003D9F3D /* BankLoginViewController.swift in Sources */,
				D298834C1D97DC4200D47E9A /* Money.swift in Sources */,
				D25833711D9772090085CC68 /* ATM.swift in Sources */,
				D27175071D9733D0007C4315 /* SecondViewController.swift in Sources */,
				D29C853C1D977A8000EA29D3 /* RestApiManager.swift in Sources */,
				D25833751D9772090085CC68 /* Customer.swift in Sources */,
				D2D4D6EF1D975739003D9F3D /* banksTableViewCell.swift in Sources */,
				D258337B1D9772090085CC68 /* EnterpriseRequests.swift in Sources */,
				D258336F1D9772090085CC68 /* NSEClient.swift in Sources */,
				D27175031D9733D0007C4315 /* AppDelegate.swift in Sources */,
				D27175051D9733D0007C4315 /* FirstViewController.swift in Sources */,
			);
			runOnlyForDeploymentPostprocessing = 0;
		};
		D27175111D9733D0007C4315 /* Sources */ = {
			isa = PBXSourcesBuildPhase;
			buildActionMask = 2147483647;
			files = (
				D271751A1D9733D0007C4315 /* vismoneyTests.swift in Sources */,
			);
			runOnlyForDeploymentPostprocessing = 0;
		};
		D271751C1D9733D0007C4315 /* Sources */ = {
			isa = PBXSourcesBuildPhase;
			buildActionMask = 2147483647;
			files = (
				D27175251D9733D0007C4315 /* vismoneyUITests.swift in Sources */,
			);
			runOnlyForDeploymentPostprocessing = 0;
		};
/* End PBXSourcesBuildPhase section */

/* Begin PBXTargetDependency section */
		D27175171D9733D0007C4315 /* PBXTargetDependency */ = {
			isa = PBXTargetDependency;
			target = D27174FE1D9733D0007C4315 /* vismoney */;
			targetProxy = D27175161D9733D0007C4315 /* PBXContainerItemProxy */;
		};
		D27175221D9733D0007C4315 /* PBXTargetDependency */ = {
			isa = PBXTargetDependency;
			target = D27174FE1D9733D0007C4315 /* vismoney */;
			targetProxy = D27175211D9733D0007C4315 /* PBXContainerItemProxy */;
		};
/* End PBXTargetDependency section */

/* Begin PBXVariantGroup section */
		D27175081D9733D0007C4315 /* Main.storyboard */ = {
			isa = PBXVariantGroup;
			children = (
				D27175091D9733D0007C4315 /* Base */,
			);
			name = Main.storyboard;
			sourceTree = "<group>";
		};
/* End PBXVariantGroup section */

/* Begin XCBuildConfiguration section */
		D27175271D9733D0007C4315 /* Debug */ = {
			isa = XCBuildConfiguration;
			buildSettings = {
				ALWAYS_SEARCH_USER_PATHS = NO;
				CLANG_ANALYZER_NONNULL = YES;
				CLANG_CXX_LANGUAGE_STANDARD = "gnu++0x";
				CLANG_CXX_LIBRARY = "libc++";
				CLANG_ENABLE_MODULES = YES;
				CLANG_ENABLE_OBJC_ARC = YES;
				CLANG_WARN_BOOL_CONVERSION = YES;
				CLANG_WARN_CONSTANT_CONVERSION = YES;
				CLANG_WARN_DIRECT_OBJC_ISA_USAGE = YES_ERROR;
				CLANG_WARN_EMPTY_BODY = YES;
				CLANG_WARN_ENUM_CONVERSION = YES;
				CLANG_WARN_INT_CONVERSION = YES;
				CLANG_WARN_OBJC_ROOT_CLASS = YES_ERROR;
				CLANG_WARN_UNREACHABLE_CODE = YES;
				CLANG_WARN__DUPLICATE_METHOD_MATCH = YES;
				"CODE_SIGN_IDENTITY[sdk=iphoneos*]" = "iPhone Developer";
				COPY_PHASE_STRIP = NO;
				DEBUG_INFORMATION_FORMAT = dwarf;
				ENABLE_STRICT_OBJC_MSGSEND = YES;
				ENABLE_TESTABILITY = YES;
				GCC_C_LANGUAGE_STANDARD = gnu99;
				GCC_DYNAMIC_NO_PIC = NO;
				GCC_NO_COMMON_BLOCKS = YES;
				GCC_OPTIMIZATION_LEVEL = 0;
				GCC_PREPROCESSOR_DEFINITIONS = (
					"DEBUG=1",
					"$(inherited)",
				);
				GCC_WARN_64_TO_32_BIT_CONVERSION = YES;
				GCC_WARN_ABOUT_RETURN_TYPE = YES_ERROR;
				GCC_WARN_UNDECLARED_SELECTOR = YES;
				GCC_WARN_UNINITIALIZED_AUTOS = YES_AGGRESSIVE;
				GCC_WARN_UNUSED_FUNCTION = YES;
				GCC_WARN_UNUSED_VARIABLE = YES;
				IPHONEOS_DEPLOYMENT_TARGET = 9.3;
				MTL_ENABLE_DEBUG_INFO = YES;
				ONLY_ACTIVE_ARCH = YES;
				SDKROOT = iphoneos;
				SWIFT_OPTIMIZATION_LEVEL = "-Onone";
			};
			name = Debug;
		};
		D27175281D9733D0007C4315 /* Release */ = {
			isa = XCBuildConfiguration;
			buildSettings = {
				ALWAYS_SEARCH_USER_PATHS = NO;
				CLANG_ANALYZER_NONNULL = YES;
				CLANG_CXX_LANGUAGE_STANDARD = "gnu++0x";
				CLANG_CXX_LIBRARY = "libc++";
				CLANG_ENABLE_MODULES = YES;
				CLANG_ENABLE_OBJC_ARC = YES;
				CLANG_WARN_BOOL_CONVERSION = YES;
				CLANG_WARN_CONSTANT_CONVERSION = YES;
				CLANG_WARN_DIRECT_OBJC_ISA_USAGE = YES_ERROR;
				CLANG_WARN_EMPTY_BODY = YES;
				CLANG_WARN_ENUM_CONVERSION = YES;
				CLANG_WARN_INT_CONVERSION = YES;
				CLANG_WARN_OBJC_ROOT_CLASS = YES_ERROR;
				CLANG_WARN_UNREACHABLE_CODE = YES;
				CLANG_WARN__DUPLICATE_METHOD_MATCH = YES;
				"CODE_SIGN_IDENTITY[sdk=iphoneos*]" = "iPhone Developer";
				COPY_PHASE_STRIP = NO;
				DEBUG_INFORMATION_FORMAT = "dwarf-with-dsym";
				ENABLE_NS_ASSERTIONS = NO;
				ENABLE_STRICT_OBJC_MSGSEND = YES;
				GCC_C_LANGUAGE_STANDARD = gnu99;
				GCC_NO_COMMON_BLOCKS = YES;
				GCC_WARN_64_TO_32_BIT_CONVERSION = YES;
				GCC_WARN_ABOUT_RETURN_TYPE = YES_ERROR;
				GCC_WARN_UNDECLARED_SELECTOR = YES;
				GCC_WARN_UNINITIALIZED_AUTOS = YES_AGGRESSIVE;
				GCC_WARN_UNUSED_FUNCTION = YES;
				GCC_WARN_UNUSED_VARIABLE = YES;
				IPHONEOS_DEPLOYMENT_TARGET = 9.3;
				MTL_ENABLE_DEBUG_INFO = NO;
				SDKROOT = iphoneos;
				VALIDATE_PRODUCT = YES;
			};
			name = Release;
		};
		D271752A1D9733D0007C4315 /* Debug */ = {
			isa = XCBuildConfiguration;
			baseConfigurationReference = 8EC55EB4BAD81B1489C40E34 /* Pods-vismoney.debug.xcconfig */;
			buildSettings = {
				ASSETCATALOG_COMPILER_APPICON_NAME = AppIcon;
				INFOPLIST_FILE = vismoney/Info.plist;
				IPHONEOS_DEPLOYMENT_TARGET = 9.3;
				LD_RUNPATH_SEARCH_PATHS = "$(inherited) @executable_path/Frameworks";
				PRODUCT_BUNDLE_IDENTIFIER = com.gthack.vismoney;
				PRODUCT_NAME = "$(TARGET_NAME)";
			};
			name = Debug;
		};
		D271752B1D9733D0007C4315 /* Release */ = {
			isa = XCBuildConfiguration;
			baseConfigurationReference = C2E102349F5A47676217626F /* Pods-vismoney.release.xcconfig */;
			buildSettings = {
				ASSETCATALOG_COMPILER_APPICON_NAME = AppIcon;
				INFOPLIST_FILE = vismoney/Info.plist;
				IPHONEOS_DEPLOYMENT_TARGET = 9.3;
				LD_RUNPATH_SEARCH_PATHS = "$(inherited) @executable_path/Frameworks";
				PRODUCT_BUNDLE_IDENTIFIER = com.gthack.vismoney;
				PRODUCT_NAME = "$(TARGET_NAME)";
			};
			name = Release;
		};
		D271752D1D9733D0007C4315 /* Debug */ = {
			isa = XCBuildConfiguration;
			baseConfigurationReference = 11FA91AB91F67F8F821E147C /* Pods-vismoneyTests.debug.xcconfig */;
			buildSettings = {
				BUNDLE_LOADER = "$(TEST_HOST)";
				INFOPLIST_FILE = vismoneyTests/Info.plist;
				LD_RUNPATH_SEARCH_PATHS = "$(inherited) @executable_path/Frameworks @loader_path/Frameworks";
				PRODUCT_BUNDLE_IDENTIFIER = gthack.vismoneyTests;
				PRODUCT_NAME = "$(TARGET_NAME)";
				TEST_HOST = "$(BUILT_PRODUCTS_DIR)/vismoney.app/vismoney";
			};
			name = Debug;
		};
		D271752E1D9733D0007C4315 /* Release */ = {
			isa = XCBuildConfiguration;
			baseConfigurationReference = 7A7F2F0873ACAA013FD2D318 /* Pods-vismoneyTests.release.xcconfig */;
			buildSettings = {
				BUNDLE_LOADER = "$(TEST_HOST)";
				INFOPLIST_FILE = vismoneyTests/Info.plist;
				LD_RUNPATH_SEARCH_PATHS = "$(inherited) @executable_path/Frameworks @loader_path/Frameworks";
				PRODUCT_BUNDLE_IDENTIFIER = gthack.vismoneyTests;
				PRODUCT_NAME = "$(TARGET_NAME)";
				TEST_HOST = "$(BUILT_PRODUCTS_DIR)/vismoney.app/vismoney";
			};
			name = Release;
		};
		D27175301D9733D0007C4315 /* Debug */ = {
			isa = XCBuildConfiguration;
			baseConfigurationReference = 4A8382942A2566951BFBF6C8 /* Pods-vismoneyUITests.debug.xcconfig */;
			buildSettings = {
				INFOPLIST_FILE = vismoneyUITests/Info.plist;
				LD_RUNPATH_SEARCH_PATHS = "$(inherited) @executable_path/Frameworks @loader_path/Frameworks";
				PRODUCT_BUNDLE_IDENTIFIER = gthack.vismoneyUITests;
				PRODUCT_NAME = "$(TARGET_NAME)";
				TEST_TARGET_NAME = vismoney;
			};
			name = Debug;
		};
		D27175311D9733D0007C4315 /* Release */ = {
			isa = XCBuildConfiguration;
			baseConfigurationReference = 48A45192E4DA2EE60232D83A /* Pods-vismoneyUITests.release.xcconfig */;
			buildSettings = {
				INFOPLIST_FILE = vismoneyUITests/Info.plist;
				LD_RUNPATH_SEARCH_PATHS = "$(inherited) @executable_path/Frameworks @loader_path/Frameworks";
				PRODUCT_BUNDLE_IDENTIFIER = gthack.vismoneyUITests;
				PRODUCT_NAME = "$(TARGET_NAME)";
				TEST_TARGET_NAME = vismoney;
			};
			name = Release;
		};
/* End XCBuildConfiguration section */

/* Begin XCConfigurationList section */
		D27174FA1D9733D0007C4315 /* Build configuration list for PBXProject "vismoney" */ = {
			isa = XCConfigurationList;
			buildConfigurations = (
				D27175271D9733D0007C4315 /* Debug */,
				D27175281D9733D0007C4315 /* Release */,
			);
			defaultConfigurationIsVisible = 0;
			defaultConfigurationName = Release;
		};
		D27175291D9733D0007C4315 /* Build configuration list for PBXNativeTarget "vismoney" */ = {
			isa = XCConfigurationList;
			buildConfigurations = (
				D271752A1D9733D0007C4315 /* Debug */,
				D271752B1D9733D0007C4315 /* Release */,
			);
			defaultConfigurationIsVisible = 0;
			defaultConfigurationName = Release;
		};
		D271752C1D9733D0007C4315 /* Build configuration list for PBXNativeTarget "vismoneyTests" */ = {
			isa = XCConfigurationList;
			buildConfigurations = (
				D271752D1D9733D0007C4315 /* Debug */,
				D271752E1D9733D0007C4315 /* Release */,
			);
			defaultConfigurationIsVisible = 0;
			defaultConfigurationName = Release;
		};
		D271752F1D9733D0007C4315 /* Build configuration list for PBXNativeTarget "vismoneyUITests" */ = {
			isa = XCConfigurationList;
			buildConfigurations = (
				D27175301D9733D0007C4315 /* Debug */,
				D27175311D9733D0007C4315 /* Release */,
			);
			defaultConfigurationIsVisible = 0;
			defaultConfigurationName = Release;
		};
/* End XCConfigurationList section */
	};
	rootObject = D27174F71D9733D0007C4315 /* Project object */;
}
